
Microsoft Visual Studio Solution File, Format Version 12.00
# Visual Studio Version 17
VisualStudioVersion = 17.3.32819.101
MinimumVisualStudioVersion = 10.0.40219.1
Project("{9A19103F-16F7-4668-BE54-9A1E7A4F7556}") = "pairLegends", "pairLegends\pairLegends.csproj", "{1BAF8E38-2712-41AD-9406-E8F25A01E6B1}"
EndProject
Project("{9A19103F-16F7-4668-BE54-9A1E7A4F7556}") = "Data", "Data\Data.csproj", "{90D21EBC-EB13-4E7F-A675-993D3CCBEE21}"
EndProject
Project("{9A19103F-16F7-4668-BE54-9A1E7A4F7556}") = "Model", "Model\Model.csproj", "{B0CBBCBD-CDF6-40AB-A575-F566079F2032}"
EndProject
Project("{9A19103F-16F7-4668-BE54-9A1E7A4F7556}") = "pairLegendsCore", "pairLegendsCore\pairLegendsCore.csproj", "{F8F15556-7786-4BD0-856D-88517E7974B2}"
EndProject
Project("{54A90642-561A-4BB1-A94E-469ADEE60C69}") = "pairLegendsReact", "pairLegendsReact\pairLegendsReact.esproj", "{EFC6D8C7-9048-476A-A3EF-5208877208D4}"
EndProject
Global
	GlobalSection(SolutionConfigurationPlatforms) = preSolution
		Debug|Any CPU = Debug|Any CPU
		Release|Any CPU = Release|Any CPU
	EndGlobalSection
	GlobalSection(ProjectConfigurationPlatforms) = postSolution
		{1BAF8E38-2712-41AD-9406-E8F25A01E6B1}.Debug|Any CPU.ActiveCfg = Debug|Any CPU
		{1BAF8E38-2712-41AD-9406-E8F25A01E6B1}.Debug|Any CPU.Build.0 = Debug|Any CPU
		{1BAF8E38-2712-41AD-9406-E8F25A01E6B1}.Release|Any CPU.ActiveCfg = Release|Any CPU
		{1BAF8E38-2712-41AD-9406-E8F25A01E6B1}.Release|Any CPU.Build.0 = Release|Any CPU
		{90D21EBC-EB13-4E7F-A675-993D3CCBEE21}.Debug|Any CPU.ActiveCfg = Debug|Any CPU
		{90D21EBC-EB13-4E7F-A675-993D3CCBEE21}.Debug|Any CPU.Build.0 = Debug|Any CPU
		{90D21EBC-EB13-4E7F-A675-993D3CCBEE21}.Release|Any CPU.ActiveCfg = Release|Any CPU
		{90D21EBC-EB13-4E7F-A675-993D3CCBEE21}.Release|Any CPU.Build.0 = Release|Any CPU
		{B0CBBCBD-CDF6-40AB-A575-F566079F2032}.Debug|Any CPU.ActiveCfg = Debug|Any CPU
		{B0CBBCBD-CDF6-40AB-A575-F566079F2032}.Debug|Any CPU.Build.0 = Debug|Any CPU
		{B0CBBCBD-CDF6-40AB-A575-F566079F2032}.Release|Any CPU.ActiveCfg = Release|Any CPU
		{B0CBBCBD-CDF6-40AB-A575-F566079F2032}.Release|Any CPU.Build.0 = Release|Any CPU
		{F8F15556-7786-4BD0-856D-88517E7974B2}.Debug|Any CPU.ActiveCfg = Debug|Any CPU
		{F8F15556-7786-4BD0-856D-88517E7974B2}.Debug|Any CPU.Build.0 = Debug|Any CPU
		{F8F15556-7786-4BD0-856D-88517E7974B2}.Release|Any CPU.ActiveCfg = Release|Any CPU
		{F8F15556-7786-4BD0-856D-88517E7974B2}.Release|Any CPU.Build.0 = Release|Any CPU
		{EFC6D8C7-9048-476A-A3EF-5208877208D4}.Debug|Any CPU.ActiveCfg = Debug|Any CPU
		{EFC6D8C7-9048-476A-A3EF-5208877208D4}.Debug|Any CPU.Build.0 = Debug|Any CPU
		{EFC6D8C7-9048-476A-A3EF-5208877208D4}.Debug|Any CPU.Deploy.0 = Debug|Any CPU
		{EFC6D8C7-9048-476A-A3EF-5208877208D4}.Release|Any CPU.ActiveCfg = Release|Any CPU
		{EFC6D8C7-9048-476A-A3EF-5208877208D4}.Release|Any CPU.Build.0 = Release|Any CPU
		{EFC6D8C7-9048-476A-A3EF-5208877208D4}.Release|Any CPU.Deploy.0 = Release|Any CPU
	EndGlobalSection
	GlobalSection(SolutionProperties) = preSolution
		HideSolutionNode = FALSE
	EndGlobalSection
	GlobalSection(ExtensibilityGlobals) = postSolution
		SolutionGuid = {F6CF1BF7-42BB-47B2-9F67-EE1D7D772601}
	EndGlobalSection
EndGlobal
